
Microsoft Visual Studio Solution File, Format Version 12.00
# Visual Studio Version 17
VisualStudioVersion = 17.3.32922.545
MinimumVisualStudioVersion = 10.0.40219.1
Project("{9A19103F-16F7-4668-BE54-9A1E7A4F7556}") = "ZNO.Front", "ZNO.Front.csproj", "{DB35BE95-4B0E-41AC-A168-965304A2D12D}"
EndProject
Project("{9A19103F-16F7-4668-BE54-9A1E7A4F7556}") = "ZNO.DAL", "..\ZNO.DAL\ZNO.DAL.csproj", "{C59F01E3-DACD-454D-B366-56FDE943B027}"
EndProject
Project("{9A19103F-16F7-4668-BE54-9A1E7A4F7556}") = "ZNO.BLL", "..\ZNO.BLL\ZNO.BLL.csproj", "{90C9D037-E4CA-4538-9F27-D9CA62B602CC}"
EndProject
Global
	GlobalSection(SolutionConfigurationPlatforms) = preSolution
		Debug|Any CPU = Debug|Any CPU
		Release|Any CPU = Release|Any CPU
	EndGlobalSection
	GlobalSection(ProjectConfigurationPlatforms) = postSolution
		{DB35BE95-4B0E-41AC-A168-965304A2D12D}.Debug|Any CPU.ActiveCfg = Debug|Any CPU
		{DB35BE95-4B0E-41AC-A168-965304A2D12D}.Debug|Any CPU.Build.0 = Debug|Any CPU
		{DB35BE95-4B0E-41AC-A168-965304A2D12D}.Release|Any CPU.ActiveCfg = Release|Any CPU
		{DB35BE95-4B0E-41AC-A168-965304A2D12D}.Release|Any CPU.Build.0 = Release|Any CPU
		{C59F01E3-DACD-454D-B366-56FDE943B027}.Debug|Any CPU.ActiveCfg = Debug|Any CPU
		{C59F01E3-DACD-454D-B366-56FDE943B027}.Debug|Any CPU.Build.0 = Debug|Any CPU
		{C59F01E3-DACD-454D-B366-56FDE943B027}.Release|Any CPU.ActiveCfg = Release|Any CPU
		{C59F01E3-DACD-454D-B366-56FDE943B027}.Release|Any CPU.Build.0 = Release|Any CPU
		{90C9D037-E4CA-4538-9F27-D9CA62B602CC}.Debug|Any CPU.ActiveCfg = Debug|Any CPU
		{90C9D037-E4CA-4538-9F27-D9CA62B602CC}.Debug|Any CPU.Build.0 = Debug|Any CPU
		{90C9D037-E4CA-4538-9F27-D9CA62B602CC}.Release|Any CPU.ActiveCfg = Release|Any CPU
		{90C9D037-E4CA-4538-9F27-D9CA62B602CC}.Release|Any CPU.Build.0 = Release|Any CPU
	EndGlobalSection
	GlobalSection(SolutionProperties) = preSolution
		HideSolutionNode = FALSE
	EndGlobalSection
	GlobalSection(ExtensibilityGlobals) = postSolution
		SolutionGuid = {A98D346C-226B-41F0-903F-85E63955C03C}
	EndGlobalSection
EndGlobal
